
Microsoft Visual Studio Solution File, Format Version 12.00
# Visual Studio 15
Project("{FAE04EC0-301F-11D3-BF4B-00C04F79EFBC}") = "Assembly-CSharp", "Assembly-CSharp.csproj", "{1A4BCE9C-D9C8-556C-D728-2C16AEC40E43}"
EndProject
Project("{FAE04EC0-301F-11D3-BF4B-00C04F79EFBC}") = "UnityEngine.UI", "UnityEngine.UI.csproj", "{488D2000-6DEC-15F8-8F71-2B8353EC199C}"
EndProject
Project("{FAE04EC0-301F-11D3-BF4B-00C04F79EFBC}") = "UnityEditor.UI", "UnityEditor.UI.csproj", "{D4292EEA-14EA-ECF5-88B7-C1CAF2CC3D07}"
EndProject
Global
	GlobalSection(SolutionConfigurationPlatforms) = preSolution
		Debug|Any CPU = Debug|Any CPU
		Release|Any CPU = Release|Any CPU
	EndGlobalSection
	GlobalSection(ProjectConfigurationPlatforms) = postSolution
		{1A4BCE9C-D9C8-556C-D728-2C16AEC40E43}.Debug|Any CPU.ActiveCfg = Debug|Any CPU
		{1A4BCE9C-D9C8-556C-D728-2C16AEC40E43}.Debug|Any CPU.Build.0 = Debug|Any CPU
		{1A4BCE9C-D9C8-556C-D728-2C16AEC40E43}.Release|Any CPU.ActiveCfg = Release|Any CPU
		{1A4BCE9C-D9C8-556C-D728-2C16AEC40E43}.Release|Any CPU.Build.0 = Release|Any CPU
		{488D2000-6DEC-15F8-8F71-2B8353EC199C}.Debug|Any CPU.ActiveCfg = Debug|Any CPU
		{488D2000-6DEC-15F8-8F71-2B8353EC199C}.Debug|Any CPU.Build.0 = Debug|Any CPU
		{488D2000-6DEC-15F8-8F71-2B8353EC199C}.Release|Any CPU.ActiveCfg = Release|Any CPU
		{488D2000-6DEC-15F8-8F71-2B8353EC199C}.Release|Any CPU.Build.0 = Release|Any CPU
		{D4292EEA-14EA-ECF5-88B7-C1CAF2CC3D07}.Debug|Any CPU.ActiveCfg = Debug|Any CPU
		{D4292EEA-14EA-ECF5-88B7-C1CAF2CC3D07}.Debug|Any CPU.Build.0 = Debug|Any CPU
		{D4292EEA-14EA-ECF5-88B7-C1CAF2CC3D07}.Release|Any CPU.ActiveCfg = Release|Any CPU
		{D4292EEA-14EA-ECF5-88B7-C1CAF2CC3D07}.Release|Any CPU.Build.0 = Release|Any CPU
	EndGlobalSection
	GlobalSection(SolutionProperties) = preSolution
		HideSolutionNode = FALSE
	EndGlobalSection
EndGlobal
